// !$*UTF8*$!
{
	archiveVersion = 1;
	classes = {
	};
	objectVersion = 46;
	objects = {

/* Begin PBXBuildFile section */
		6BBC5F1F1E5C62CB00283FD2 /* AppDelegate.swift in Sources */ = {isa = PBXBuildFile; fileRef = 6BBC5F1E1E5C62CB00283FD2 /* AppDelegate.swift */; };
		6BBC5F211E5C62CB00283FD2 /* ViewController.swift in Sources */ = {isa = PBXBuildFile; fileRef = 6BBC5F201E5C62CB00283FD2 /* ViewController.swift */; };
		6BBC5F231E5C62CB00283FD2 /* Assets.xcassets in Resources */ = {isa = PBXBuildFile; fileRef = 6BBC5F221E5C62CB00283FD2 /* Assets.xcassets */; };
		6BBC5F261E5C62CB00283FD2 /* Main.storyboard in Resources */ = {isa = PBXBuildFile; fileRef = 6BBC5F241E5C62CB00283FD2 /* Main.storyboard */; };
		6BBC5F311E5C62CC00283FD2 /* cpp_integration_testTests.swift in Sources */ = {isa = PBXBuildFile; fileRef = 6BBC5F301E5C62CC00283FD2 /* cpp_integration_testTests.swift */; };
		6BBC5F3C1E5C62CC00283FD2 /* cpp_integration_testUITests.swift in Sources */ = {isa = PBXBuildFile; fileRef = 6BBC5F3B1E5C62CC00283FD2 /* cpp_integration_testUITests.swift */; };
		6BBC5F4B1E5C64BB00283FD2 /* libA.a in Frameworks */ = {isa = PBXBuildFile; fileRef = 6BBC5F4A1E5C64BB00283FD2 /* libA.a */; };
		6BBC5F4F1E5C651D00283FD2 /* wrapper.cpp in Sources */ = {isa = PBXBuildFile; fileRef = 6BBC5F4E1E5C651D00283FD2 /* wrapper.cpp */; };
/* End PBXBuildFile section */

/* Begin PBXContainerItemProxy section */
		6BBC5F2D1E5C62CC00283FD2 /* PBXContainerItemProxy */ = {
			isa = PBXContainerItemProxy;
			containerPortal = 6BBC5F131E5C62CB00283FD2 /* Project object */;
			proxyType = 1;
			remoteGlobalIDString = 6BBC5F1A1E5C62CB00283FD2;
			remoteInfo = "cpp-integration-test";
		};
		6BBC5F381E5C62CC00283FD2 /* PBXContainerItemProxy */ = {
			isa = PBXContainerItemProxy;
			containerPortal = 6BBC5F131E5C62CB00283FD2 /* Project object */;
			proxyType = 1;
			remoteGlobalIDString = 6BBC5F1A1E5C62CB00283FD2;
			remoteInfo = "cpp-integration-test";
		};
/* End PBXContainerItemProxy section */

/* Begin PBXFileReference section */
		6BBC5F1B1E5C62CB00283FD2 /* cpp-integration-test.app */ = {isa = PBXFileReference; explicitFileType = wrapper.application; includeInIndex = 0; path = "cpp-integration-test.app"; sourceTree = BUILT_PRODUCTS_DIR; };
		6BBC5F1E1E5C62CB00283FD2 /* AppDelegate.swift */ = {isa = PBXFileReference; lastKnownFileType = sourcecode.swift; path = AppDelegate.swift; sourceTree = "<group>"; };
		6BBC5F201E5C62CB00283FD2 /* ViewController.swift */ = {isa = PBXFileReference; lastKnownFileType = sourcecode.swift; path = ViewController.swift; sourceTree = "<group>"; };
		6BBC5F221E5C62CB00283FD2 /* Assets.xcassets */ = {isa = PBXFileReference; lastKnownFileType = folder.assetcatalog; path = Assets.xcassets; sourceTree = "<group>"; };
		6BBC5F251E5C62CB00283FD2 /* Base */ = {isa = PBXFileReference; lastKnownFileType = file.storyboard; name = Base; path = Base.lproj/Main.storyboard; sourceTree = "<group>"; };
		6BBC5F271E5C62CB00283FD2 /* Info.plist */ = {isa = PBXFileReference; lastKnownFileType = text.plist.xml; path = Info.plist; sourceTree = "<group>"; };
		6BBC5F2C1E5C62CC00283FD2 /* cpp-integration-testTests.xctest */ = {isa = PBXFileReference; explicitFileType = wrapper.cfbundle; includeInIndex = 0; path = "cpp-integration-testTests.xctest"; sourceTree = BUILT_PRODUCTS_DIR; };
		6BBC5F301E5C62CC00283FD2 /* cpp_integration_testTests.swift */ = {isa = PBXFileReference; lastKnownFileType = sourcecode.swift; path = cpp_integration_testTests.swift; sourceTree = "<group>"; };
		6BBC5F321E5C62CC00283FD2 /* Info.plist */ = {isa = PBXFileReference; lastKnownFileType = text.plist.xml; path = Info.plist; sourceTree = "<group>"; };
		6BBC5F371E5C62CC00283FD2 /* cpp-integration-testUITests.xctest */ = {isa = PBXFileReference; explicitFileType = wrapper.cfbundle; includeInIndex = 0; path = "cpp-integration-testUITests.xctest"; sourceTree = BUILT_PRODUCTS_DIR; };
		6BBC5F3B1E5C62CC00283FD2 /* cpp_integration_testUITests.swift */ = {isa = PBXFileReference; lastKnownFileType = sourcecode.swift; path = cpp_integration_testUITests.swift; sourceTree = "<group>"; };
		6BBC5F3D1E5C62CC00283FD2 /* Info.plist */ = {isa = PBXFileReference; lastKnownFileType = text.plist.xml; path = Info.plist; sourceTree = "<group>"; };
		6BBC5F4A1E5C64BB00283FD2 /* libA.a */ = {isa = PBXFileReference; lastKnownFileType = archive.ar; name = libA.a; path = "cpp-source/libA.a"; sourceTree = "<group>"; };
		6BBC5F4C1E5C64E900283FD2 /* A.hpp */ = {isa = PBXFileReference; fileEncoding = 4; lastKnownFileType = sourcecode.cpp.h; name = A.hpp; path = "cpp-source/A.hpp"; sourceTree = "<group>"; };
		6BBC5F4D1E5C651D00283FD2 /* cpp-integration-test-Bridging-Header.h */ = {isa = PBXFileReference; lastKnownFileType = sourcecode.c.h; path = "cpp-integration-test-Bridging-Header.h"; sourceTree = "<group>"; };
		6BBC5F4E1E5C651D00283FD2 /* wrapper.cpp */ = {isa = PBXFileReference; fileEncoding = 4; lastKnownFileType = sourcecode.cpp.cpp; name = wrapper.cpp; path = "cpp-source/wrapper.cpp"; sourceTree = "<group>"; };
/* End PBXFileReference section */

/* Begin PBXFrameworksBuildPhase section */
		6BBC5F181E5C62CB00283FD2 /* Frameworks */ = {
			isa = PBXFrameworksBuildPhase;
			buildActionMask = 2147483647;
			files = (
				6BBC5F4B1E5C64BB00283FD2 /* libA.a in Frameworks */,
			);
			runOnlyForDeploymentPostprocessing = 0;
		};
		6BBC5F291E5C62CC00283FD2 /* Frameworks */ = {
			isa = PBXFrameworksBuildPhase;
			buildActionMask = 2147483647;
			files = (
			);
			runOnlyForDeploymentPostprocessing = 0;
		};
		6BBC5F341E5C62CC00283FD2 /* Frameworks */ = {
			isa = PBXFrameworksBuildPhase;
			buildActionMask = 2147483647;
			files = (
			);
			runOnlyForDeploymentPostprocessing = 0;
		};
/* End PBXFrameworksBuildPhase section */

/* Begin PBXGroup section */
		6BBC5F121E5C62CB00283FD2 = {
			isa = PBXGroup;
			children = (
				6BBC5F4C1E5C64E900283FD2 /* A.hpp */,
				6BBC5F4E1E5C651D00283FD2 /* wrapper.cpp */,
				6BBC5F1D1E5C62CB00283FD2 /* cpp-integration-test */,
				6BBC5F2F1E5C62CC00283FD2 /* cpp-integration-testTests */,
				6BBC5F3A1E5C62CC00283FD2 /* cpp-integration-testUITests */,
				6BBC5F1C1E5C62CB00283FD2 /* Products */,
				6BBC5F491E5C64BA00283FD2 /* Frameworks */,
				6BBC5F4D1E5C651D00283FD2 /* cpp-integration-test-Bridging-Header.h */,
			);
			sourceTree = "<group>";
		};
		6BBC5F1C1E5C62CB00283FD2 /* Products */ = {
			isa = PBXGroup;
			children = (
				6BBC5F1B1E5C62CB00283FD2 /* cpp-integration-test.app */,
				6BBC5F2C1E5C62CC00283FD2 /* cpp-integration-testTests.xctest */,
				6BBC5F371E5C62CC00283FD2 /* cpp-integration-testUITests.xctest */,
			);
			name = Products;
			sourceTree = "<group>";
		};
		6BBC5F1D1E5C62CB00283FD2 /* cpp-integration-test */ = {
			isa = PBXGroup;
			children = (
				6BBC5F1E1E5C62CB00283FD2 /* AppDelegate.swift */,
				6BBC5F201E5C62CB00283FD2 /* ViewController.swift */,
				6BBC5F221E5C62CB00283FD2 /* Assets.xcassets */,
				6BBC5F241E5C62CB00283FD2 /* Main.storyboard */,
				6BBC5F271E5C62CB00283FD2 /* Info.plist */,
			);
			path = "cpp-integration-test";
			sourceTree = "<group>";
		};
		6BBC5F2F1E5C62CC00283FD2 /* cpp-integration-testTests */ = {
			isa = PBXGroup;
			children = (
				6BBC5F301E5C62CC00283FD2 /* cpp_integration_testTests.swift */,
				6BBC5F321E5C62CC00283FD2 /* Info.plist */,
			);
			path = "cpp-integration-testTests";
			sourceTree = "<group>";
		};
		6BBC5F3A1E5C62CC00283FD2 /* cpp-integration-testUITests */ = {
			isa = PBXGroup;
			children = (
				6BBC5F3B1E5C62CC00283FD2 /* cpp_integration_testUITests.swift */,
				6BBC5F3D1E5C62CC00283FD2 /* Info.plist */,
			);
			path = "cpp-integration-testUITests";
			sourceTree = "<group>";
		};
		6BBC5F491E5C64BA00283FD2 /* Frameworks */ = {
			isa = PBXGroup;
			children = (
				6BBC5F4A1E5C64BB00283FD2 /* libA.a */,
			);
			name = Frameworks;
			sourceTree = "<group>";
		};
/* End PBXGroup section */

/* Begin PBXNativeTarget section */
		6BBC5F1A1E5C62CB00283FD2 /* cpp-integration-test */ = {
			isa = PBXNativeTarget;
			buildConfigurationList = 6BBC5F401E5C62CC00283FD2 /* Build configuration list for PBXNativeTarget "cpp-integration-test" */;
			buildPhases = (
				6BBC5F171E5C62CB00283FD2 /* Sources */,
				6BBC5F181E5C62CB00283FD2 /* Frameworks */,
				6BBC5F191E5C62CB00283FD2 /* Resources */,
			);
			buildRules = (
			);
			dependencies = (
			);
			name = "cpp-integration-test";
			productName = "cpp-integration-test";
			productReference = 6BBC5F1B1E5C62CB00283FD2 /* cpp-integration-test.app */;
			productType = "com.apple.product-type.application";
		};
		6BBC5F2B1E5C62CC00283FD2 /* cpp-integration-testTests */ = {
			isa = PBXNativeTarget;
			buildConfigurationList = 6BBC5F431E5C62CC00283FD2 /* Build configuration list for PBXNativeTarget "cpp-integration-testTests" */;
			buildPhases = (
				6BBC5F281E5C62CC00283FD2 /* Sources */,
				6BBC5F291E5C62CC00283FD2 /* Frameworks */,
				6BBC5F2A1E5C62CC00283FD2 /* Resources */,
			);
			buildRules = (
			);
			dependencies = (
				6BBC5F2E1E5C62CC00283FD2 /* PBXTargetDependency */,
			);
			name = "cpp-integration-testTests";
			productName = "cpp-integration-testTests";
			productReference = 6BBC5F2C1E5C62CC00283FD2 /* cpp-integration-testTests.xctest */;
			productType = "com.apple.product-type.bundle.unit-test";
		};
		6BBC5F361E5C62CC00283FD2 /* cpp-integration-testUITests */ = {
			isa = PBXNativeTarget;
			buildConfigurationList = 6BBC5F461E5C62CC00283FD2 /* Build configuration list for PBXNativeTarget "cpp-integration-testUITests" */;
			buildPhases = (
				6BBC5F331E5C62CC00283FD2 /* Sources */,
				6BBC5F341E5C62CC00283FD2 /* Frameworks */,
				6BBC5F351E5C62CC00283FD2 /* Resources */,
			);
			buildRules = (
			);
			dependencies = (
				6BBC5F391E5C62CC00283FD2 /* PBXTargetDependency */,
			);
			name = "cpp-integration-testUITests";
			productName = "cpp-integration-testUITests";
			productReference = 6BBC5F371E5C62CC00283FD2 /* cpp-integration-testUITests.xctest */;
			productType = "com.apple.product-type.bundle.ui-testing";
		};
/* End PBXNativeTarget section */

/* Begin PBXProject section */
		6BBC5F131E5C62CB00283FD2 /* Project object */ = {
			isa = PBXProject;
			attributes = {
				LastSwiftUpdateCheck = 0820;
				LastUpgradeCheck = 0820;
				ORGANIZATIONNAME = "Joost Weijs";
				TargetAttributes = {
					6BBC5F1A1E5C62CB00283FD2 = {
						CreatedOnToolsVersion = 8.2.1;
						LastSwiftMigration = 0820;
						ProvisioningStyle = Automatic;
					};
					6BBC5F2B1E5C62CC00283FD2 = {
						CreatedOnToolsVersion = 8.2.1;
						ProvisioningStyle = Automatic;
						TestTargetID = 6BBC5F1A1E5C62CB00283FD2;
					};
					6BBC5F361E5C62CC00283FD2 = {
						CreatedOnToolsVersion = 8.2.1;
						ProvisioningStyle = Automatic;
						TestTargetID = 6BBC5F1A1E5C62CB00283FD2;
					};
				};
			};
			buildConfigurationList = 6BBC5F161E5C62CB00283FD2 /* Build configuration list for PBXProject "cpp-integration-test" */;
			compatibilityVersion = "Xcode 3.2";
			developmentRegion = English;
			hasScannedForEncodings = 0;
			knownRegions = (
				en,
				Base,
			);
			mainGroup = 6BBC5F121E5C62CB00283FD2;
			productRefGroup = 6BBC5F1C1E5C62CB00283FD2 /* Products */;
			projectDirPath = "";
			projectRoot = "";
			targets = (
				6BBC5F1A1E5C62CB00283FD2 /* cpp-integration-test */,
				6BBC5F2B1E5C62CC00283FD2 /* cpp-integration-testTests */,
				6BBC5F361E5C62CC00283FD2 /* cpp-integration-testUITests */,
			);
		};
/* End PBXProject section */

/* Begin PBXResourcesBuildPhase section */
		6BBC5F191E5C62CB00283FD2 /* Resources */ = {
			isa = PBXResourcesBuildPhase;
			buildActionMask = 2147483647;
			files = (
				6BBC5F231E5C62CB00283FD2 /* Assets.xcassets in Resources */,
				6BBC5F261E5C62CB00283FD2 /* Main.storyboard in Resources */,
			);
			runOnlyForDeploymentPostprocessing = 0;
		};
		6BBC5F2A1E5C62CC00283FD2 /* Resources */ = {
			isa = PBXResourcesBuildPhase;
			buildActionMask = 2147483647;
			files = (
			);
			runOnlyForDeploymentPostprocessing = 0;
		};
		6BBC5F351E5C62CC00283FD2 /* Resources */ = {
			isa = PBXResourcesBuildPhase;
			buildActionMask = 2147483647;
			files = (
			);
			runOnlyForDeploymentPostprocessing = 0;
		};
/* End PBXResourcesBuildPhase section */

/* Begin PBXSourcesBuildPhase section */
		6BBC5F171E5C62CB00283FD2 /* Sources */ = {
			isa = PBXSourcesBuildPhase;
			buildActionMask = 2147483647;
			files = (
				6BBC5F211E5C62CB00283FD2 /* ViewController.swift in Sources */,
				6BBC5F1F1E5C62CB00283FD2 /* AppDelegate.swift in Sources */,
				6BBC5F4F1E5C651D00283FD2 /* wrapper.cpp in Sources */,
			);
			runOnlyForDeploymentPostprocessing = 0;
		};
		6BBC5F281E5C62CC00283FD2 /* Sources */ = {
			isa = PBXSourcesBuildPhase;
			buildActionMask = 2147483647;
			files = (
				6BBC5F311E5C62CC00283FD2 /* cpp_integration_testTests.swift in Sources */,
			);
			runOnlyForDeploymentPostprocessing = 0;
		};
		6BBC5F331E5C62CC00283FD2 /* Sources */ = {
			isa = PBXSourcesBuildPhase;
			buildActionMask = 2147483647;
			files = (
				6BBC5F3C1E5C62CC00283FD2 /* cpp_integration_testUITests.swift in Sources */,
			);
			runOnlyForDeploymentPostprocessing = 0;
		};
/* End PBXSourcesBuildPhase section */

/* Begin PBXTargetDependency section */
		6BBC5F2E1E5C62CC00283FD2 /* PBXTargetDependency */ = {
			isa = PBXTargetDependency;
			target = 6BBC5F1A1E5C62CB00283FD2 /* cpp-integration-test */;
			targetProxy = 6BBC5F2D1E5C62CC00283FD2 /* PBXContainerItemProxy */;
		};
		6BBC5F391E5C62CC00283FD2 /* PBXTargetDependency */ = {
			isa = PBXTargetDependency;
			target = 6BBC5F1A1E5C62CB00283FD2 /* cpp-integration-test */;
			targetProxy = 6BBC5F381E5C62CC00283FD2 /* PBXContainerItemProxy */;
		};
/* End PBXTargetDependency section */

/* Begin PBXVariantGroup section */
		6BBC5F241E5C62CB00283FD2 /* Main.storyboard */ = {
			isa = PBXVariantGroup;
			children = (
				6BBC5F251E5C62CB00283FD2 /* Base */,
			);
			name = Main.storyboard;
			sourceTree = "<group>";
		};
/* End PBXVariantGroup section */

/* Begin XCBuildConfiguration section */
		6BBC5F3E1E5C62CC00283FD2 /* Debug */ = {
			isa = XCBuildConfiguration;
			buildSettings = {
				ALWAYS_SEARCH_USER_PATHS = NO;
				CLANG_ANALYZER_NONNULL = YES;
				CLANG_CXX_LANGUAGE_STANDARD = "gnu++0x";
				CLANG_CXX_LIBRARY = "libc++";
				CLANG_ENABLE_MODULES = YES;
				CLANG_ENABLE_OBJC_ARC = YES;
				CLANG_WARN_BOOL_CONVERSION = YES;
				CLANG_WARN_CONSTANT_CONVERSION = YES;
				CLANG_WARN_DIRECT_OBJC_ISA_USAGE = YES_ERROR;
				CLANG_WARN_DOCUMENTATION_COMMENTS = YES;
				CLANG_WARN_EMPTY_BODY = YES;
				CLANG_WARN_ENUM_CONVERSION = YES;
				CLANG_WARN_INFINITE_RECURSION = YES;
				CLANG_WARN_INT_CONVERSION = YES;
				CLANG_WARN_OBJC_ROOT_CLASS = YES_ERROR;
				CLANG_WARN_SUSPICIOUS_MOVE = YES;
				CLANG_WARN_UNREACHABLE_CODE = YES;
				CLANG_WARN__DUPLICATE_METHOD_MATCH = YES;
				CODE_SIGN_IDENTITY = "-";
				COPY_PHASE_STRIP = NO;
				DEBUG_INFORMATION_FORMAT = dwarf;
				ENABLE_STRICT_OBJC_MSGSEND = YES;
				ENABLE_TESTABILITY = YES;
				GCC_C_LANGUAGE_STANDARD = gnu99;
				GCC_DYNAMIC_NO_PIC = NO;
				GCC_NO_COMMON_BLOCKS = YES;
				GCC_OPTIMIZATION_LEVEL = 0;
				GCC_PREPROCESSOR_DEFINITIONS = (
					"DEBUG=1",
					"$(inherited)",
				);
				GCC_WARN_64_TO_32_BIT_CONVERSION = YES;
				GCC_WARN_ABOUT_RETURN_TYPE = YES_ERROR;
				GCC_WARN_UNDECLARED_SELECTOR = YES;
				GCC_WARN_UNINITIALIZED_AUTOS = YES_AGGRESSIVE;
				GCC_WARN_UNUSED_FUNCTION = YES;
				GCC_WARN_UNUSED_VARIABLE = YES;
				MACOSX_DEPLOYMENT_TARGET = 10.12;
				MTL_ENABLE_DEBUG_INFO = YES;
				ONLY_ACTIVE_ARCH = YES;
				SDKROOT = macosx;
				SWIFT_ACTIVE_COMPILATION_CONDITIONS = DEBUG;
				SWIFT_OPTIMIZATION_LEVEL = "-Onone";
			};
			name = Debug;
		};
		6BBC5F3F1E5C62CC00283FD2 /* Release */ = {
			isa = XCBuildConfiguration;
			buildSettings = {
				ALWAYS_SEARCH_USER_PATHS = NO;
				CLANG_ANALYZER_NONNULL = YES;
				CLANG_CXX_LANGUAGE_STANDARD = "gnu++0x";
				CLANG_CXX_LIBRARY = "libc++";
				CLANG_ENABLE_MODULES = YES;
				CLANG_ENABLE_OBJC_ARC = YES;
				CLANG_WARN_BOOL_CONVERSION = YES;
				CLANG_WARN_CONSTANT_CONVERSION = YES;
				CLANG_WARN_DIRECT_OBJC_ISA_USAGE = YES_ERROR;
				CLANG_WARN_DOCUMENTATION_COMMENTS = YES;
				CLANG_WARN_EMPTY_BODY = YES;
				CLANG_WARN_ENUM_CONVERSION = YES;
				CLANG_WARN_INFINITE_RECURSION = YES;
				CLANG_WARN_INT_CONVERSION = YES;
				CLANG_WARN_OBJC_ROOT_CLASS = YES_ERROR;
				CLANG_WARN_SUSPICIOUS_MOVE = YES;
				CLANG_WARN_UNREACHABLE_CODE = YES;
				CLANG_WARN__DUPLICATE_METHOD_MATCH = YES;
				CODE_SIGN_IDENTITY = "-";
				COPY_PHASE_STRIP = NO;
				DEBUG_INFORMATION_FORMAT = "dwarf-with-dsym";
				ENABLE_NS_ASSERTIONS = NO;
				ENABLE_STRICT_OBJC_MSGSEND = YES;
				GCC_C_LANGUAGE_STANDARD = gnu99;
				GCC_NO_COMMON_BLOCKS = YES;
				GCC_WARN_64_TO_32_BIT_CONVERSION = YES;
				GCC_WARN_ABOUT_RETURN_TYPE = YES_ERROR;
				GCC_WARN_UNDECLARED_SELECTOR = YES;
				GCC_WARN_UNINITIALIZED_AUTOS = YES_AGGRESSIVE;
				GCC_WARN_UNUSED_FUNCTION = YES;
				GCC_WARN_UNUSED_VARIABLE = YES;
				MACOSX_DEPLOYMENT_TARGET = 10.12;
				MTL_ENABLE_DEBUG_INFO = NO;
				SDKROOT = macosx;
				SWIFT_OPTIMIZATION_LEVEL = "-Owholemodule";
			};
			name = Release;
		};
		6BBC5F411E5C62CC00283FD2 /* Debug */ = {
			isa = XCBuildConfiguration;
			buildSettings = {
				ASSETCATALOG_COMPILER_APPICON_NAME = AppIcon;
				CLANG_ENABLE_MODULES = YES;
				COMBINE_HIDPI_IMAGES = YES;
				INFOPLIST_FILE = "cpp-integration-test/Info.plist";
				LD_RUNPATH_SEARCH_PATHS = "$(inherited) @executable_path/../Frameworks";
				LIBRARY_SEARCH_PATHS = (
					"$(inherited)",
					"$(PROJECT_DIR)/cpp-source",
				);
				PRODUCT_BUNDLE_IDENTIFIER = "j.cpp-integration-test";
				PRODUCT_NAME = "$(TARGET_NAME)";
				SWIFT_OBJC_BRIDGING_HEADER = "cpp-integration-test-Bridging-Header.h";
				SWIFT_OPTIMIZATION_LEVEL = "-Onone";
				SWIFT_VERSION = 3.0;
			};
			name = Debug;
		};
		6BBC5F421E5C62CC00283FD2 /* Release */ = {
			isa = XCBuildConfiguration;
			buildSettings = {
				ASSETCATALOG_COMPILER_APPICON_NAME = AppIcon;
				CLANG_ENABLE_MODULES = YES;
				COMBINE_HIDPI_IMAGES = YES;
				INFOPLIST_FILE = "cpp-integration-test/Info.plist";
				LD_RUNPATH_SEARCH_PATHS = "$(inherited) @executable_path/../Frameworks";
				LIBRARY_SEARCH_PATHS = (
					"$(inherited)",
					"$(PROJECT_DIR)/cpp-source",
				);
				PRODUCT_BUNDLE_IDENTIFIER = "j.cpp-integration-test";
				PRODUCT_NAME = "$(TARGET_NAME)";
				SWIFT_OBJC_BRIDGING_HEADER = "cpp-integration-test-Bridging-Header.h";
				SWIFT_VERSION = 3.0;
			};
			name = Release;
		};
		6BBC5F441E5C62CC00283FD2 /* Debug */ = {
			isa = XCBuildConfiguration;
			buildSettings = {
				ALWAYS_EMBED_SWIFT_STANDARD_LIBRARIES = YES;
				BUNDLE_LOADER = "$(TEST_HOST)";
				COMBINE_HIDPI_IMAGES = YES;
				INFOPLIST_FILE = "cpp-integration-testTests/Info.plist";
				LD_RUNPATH_SEARCH_PATHS = "$(inherited) @executable_path/../Frameworks @loader_path/../Frameworks";
				PRODUCT_BUNDLE_IDENTIFIER = "j.cpp-integration-testTests";
				PRODUCT_NAME = "$(TARGET_NAME)";
				SWIFT_VERSION = 3.0;
				TEST_HOST = "$(BUILT_PRODUCTS_DIR)/cpp-integration-test.app/Contents/MacOS/cpp-integration-test";
			};
			name = Debug;
		};
		6BBC5F451E5C62CC00283FD2 /* Release */ = {
			isa = XCBuildConfiguration;
			buildSettings = {
				ALWAYS_EMBED_SWIFT_STANDARD_LIBRARIES = YES;
				BUNDLE_LOADER = "$(TEST_HOST)";
				COMBINE_HIDPI_IMAGES = YES;
				INFOPLIST_FILE = "cpp-integration-testTests/Info.plist";
				LD_RUNPATH_SEARCH_PATHS = "$(inherited) @executable_path/../Frameworks @loader_path/../Frameworks";
				PRODUCT_BUNDLE_IDENTIFIER = "j.cpp-integration-testTests";
				PRODUCT_NAME = "$(TARGET_NAME)";
				SWIFT_VERSION = 3.0;
				TEST_HOST = "$(BUILT_PRODUCTS_DIR)/cpp-integration-test.app/Contents/MacOS/cpp-integration-test";
			};
			name = Release;
		};
		6BBC5F471E5C62CC00283FD2 /* Debug */ = {
			isa = XCBuildConfiguration;
			buildSettings = {
				ALWAYS_EMBED_SWIFT_STANDARD_LIBRARIES = YES;
				COMBINE_HIDPI_IMAGES = YES;
				INFOPLIST_FILE = "cpp-integration-testUITests/Info.plist";
				LD_RUNPATH_SEARCH_PATHS = "$(inherited) @executable_path/../Frameworks @loader_path/../Frameworks";
				PRODUCT_BUNDLE_IDENTIFIER = "j.cpp-integration-testUITests";
				PRODUCT_NAME = "$(TARGET_NAME)";
				SWIFT_VERSION = 3.0;
				TEST_TARGET_NAME = "cpp-integration-test";
			};
			name = Debug;
		};
		6BBC5F481E5C62CC00283FD2 /* Release */ = {
			isa = XCBuildConfiguration;
			buildSettings = {
				ALWAYS_EMBED_SWIFT_STANDARD_LIBRARIES = YES;
				COMBINE_HIDPI_IMAGES = YES;
				INFOPLIST_FILE = "cpp-integration-testUITests/Info.plist";
				LD_RUNPATH_SEARCH_PATHS = "$(inherited) @executable_path/../Frameworks @loader_path/../Frameworks";
				PRODUCT_BUNDLE_IDENTIFIER = "j.cpp-integration-testUITests";
				PRODUCT_NAME = "$(TARGET_NAME)";
				SWIFT_VERSION = 3.0;
				TEST_TARGET_NAME = "cpp-integration-test";
			};
			name = Release;
		};
/* End XCBuildConfiguration section */

/* Begin XCConfigurationList section */
		6BBC5F161E5C62CB00283FD2 /* Build configuration list for PBXProject "cpp-integration-test" */ = {
			isa = XCConfigurationList;
			buildConfigurations = (
				6BBC5F3E1E5C62CC00283FD2 /* Debug */,
				6BBC5F3F1E5C62CC00283FD2 /* Release */,
			);
			defaultConfigurationIsVisible = 0;
			defaultConfigurationName = Release;
		};
		6BBC5F401E5C62CC00283FD2 /* Build configuration list for PBXNativeTarget "cpp-integration-test" */ = {
			isa = XCConfigurationList;
			buildConfigurations = (
				6BBC5F411E5C62CC00283FD2 /* Debug */,
				6BBC5F421E5C62CC00283FD2 /* Release */,
			);
			defaultConfigurationIsVisible = 0;
		};
		6BBC5F431E5C62CC00283FD2 /* Build configuration list for PBXNativeTarget "cpp-integration-testTests" */ = {
			isa = XCConfigurationList;
			buildConfigurations = (
				6BBC5F441E5C62CC00283FD2 /* Debug */,
				6BBC5F451E5C62CC00283FD2 /* Release */,
			);
			defaultConfigurationIsVisible = 0;
		};
		6BBC5F461E5C62CC00283FD2 /* Build configuration list for PBXNativeTarget "cpp-integration-testUITests" */ = {
			isa = XCConfigurationList;
			buildConfigurations = (
				6BBC5F471E5C62CC00283FD2 /* Debug */,
				6BBC5F481E5C62CC00283FD2 /* Release */,
			);
			defaultConfigurationIsVisible = 0;
		};
/* End XCConfigurationList section */
	};
	rootObject = 6BBC5F131E5C62CB00283FD2 /* Project object */;
}
